
Microsoft Visual Studio Solution File, Format Version 12.00
# Visual Studio 15
VisualStudioVersion = 15.0.26730.15
MinimumVisualStudioVersion = 10.0.40219.1
Project("{FAE04EC0-301F-11D3-BF4B-00C04F79EFBC}") = "HelloWorldApp", "HelloWorldApp\HelloWorldApp.csproj", "{4DF6ED02-64BC-4E5B-89BB-BC79FBF471E1}"
EndProject
Project("{FAE04EC0-301F-11D3-BF4B-00C04F79EFBC}") = "Calculators", "Calculators\Calculators.csproj", "{B869C4DC-615A-4AA3-9878-1E293EE643ED}"
EndProject
Project("{FAE04EC0-301F-11D3-BF4B-00C04F79EFBC}") = "NumbersGuessingGame", "NumbersGuessingGame\NumbersGuessingGame.csproj", "{D7CF5201-6B0B-4697-9AA6-59E44F7506DD}"
EndProject
Project("{FAE04EC0-301F-11D3-BF4B-00C04F79EFBC}") = "ToDoListApp", "ToDoListApp\ToDoListApp.csproj", "{60A48D66-EC03-438B-84B3-D3DF82A8D7C7}"
EndProject
Project("{FAE04EC0-301F-11D3-BF4B-00C04F79EFBC}") = "FizzBuzz", "FizzBuzz\FizzBuzz.csproj", "{E4BD0BCE-DD10-4901-B373-4B1CBF968F48}"
EndProject
Project("{FAE04EC0-301F-11D3-BF4B-00C04F79EFBC}") = "PrivateHomeStudies", "PrivateHomeStudies\PrivateHomeStudies.csproj", "{C8FA1499-0941-44BA-BE8A-EA8F107C2B72}"
EndProject
Project("{FAE04EC0-301F-11D3-BF4B-00C04F79EFBC}") = "Dictionary", "Dictionary\Dictionary.csproj", "{A443E1B6-D4C9-4D9C-8C6B-699EF78D2D71}"
EndProject
Project("{FAE04EC0-301F-11D3-BF4B-00C04F79EFBC}") = "AdvertsWebApp", "AdvertsWebApp\AdvertsWebApp.csproj", "{326EEDB9-B8D6-4792-8F0F-6F5CAE8D2D09}"
EndProject
Global
	GlobalSection(SolutionConfigurationPlatforms) = preSolution
		Debug|Any CPU = Debug|Any CPU
		Release|Any CPU = Release|Any CPU
	EndGlobalSection
	GlobalSection(ProjectConfigurationPlatforms) = postSolution
		{4DF6ED02-64BC-4E5B-89BB-BC79FBF471E1}.Debug|Any CPU.ActiveCfg = Debug|Any CPU
		{4DF6ED02-64BC-4E5B-89BB-BC79FBF471E1}.Debug|Any CPU.Build.0 = Debug|Any CPU
		{4DF6ED02-64BC-4E5B-89BB-BC79FBF471E1}.Release|Any CPU.ActiveCfg = Release|Any CPU
		{4DF6ED02-64BC-4E5B-89BB-BC79FBF471E1}.Release|Any CPU.Build.0 = Release|Any CPU
		{B869C4DC-615A-4AA3-9878-1E293EE643ED}.Debug|Any CPU.ActiveCfg = Debug|Any CPU
		{B869C4DC-615A-4AA3-9878-1E293EE643ED}.Debug|Any CPU.Build.0 = Debug|Any CPU
		{B869C4DC-615A-4AA3-9878-1E293EE643ED}.Release|Any CPU.ActiveCfg = Release|Any CPU
		{B869C4DC-615A-4AA3-9878-1E293EE643ED}.Release|Any CPU.Build.0 = Release|Any CPU
		{D7CF5201-6B0B-4697-9AA6-59E44F7506DD}.Debug|Any CPU.ActiveCfg = Debug|Any CPU
		{D7CF5201-6B0B-4697-9AA6-59E44F7506DD}.Debug|Any CPU.Build.0 = Debug|Any CPU
		{D7CF5201-6B0B-4697-9AA6-59E44F7506DD}.Release|Any CPU.ActiveCfg = Release|Any CPU
		{D7CF5201-6B0B-4697-9AA6-59E44F7506DD}.Release|Any CPU.Build.0 = Release|Any CPU
		{60A48D66-EC03-438B-84B3-D3DF82A8D7C7}.Debug|Any CPU.ActiveCfg = Debug|Any CPU
		{60A48D66-EC03-438B-84B3-D3DF82A8D7C7}.Debug|Any CPU.Build.0 = Debug|Any CPU
		{60A48D66-EC03-438B-84B3-D3DF82A8D7C7}.Release|Any CPU.ActiveCfg = Release|Any CPU
		{60A48D66-EC03-438B-84B3-D3DF82A8D7C7}.Release|Any CPU.Build.0 = Release|Any CPU
		{E4BD0BCE-DD10-4901-B373-4B1CBF968F48}.Debug|Any CPU.ActiveCfg = Debug|Any CPU
		{E4BD0BCE-DD10-4901-B373-4B1CBF968F48}.Debug|Any CPU.Build.0 = Debug|Any CPU
		{E4BD0BCE-DD10-4901-B373-4B1CBF968F48}.Release|Any CPU.ActiveCfg = Release|Any CPU
		{E4BD0BCE-DD10-4901-B373-4B1CBF968F48}.Release|Any CPU.Build.0 = Release|Any CPU
		{C8FA1499-0941-44BA-BE8A-EA8F107C2B72}.Debug|Any CPU.ActiveCfg = Debug|Any CPU
		{C8FA1499-0941-44BA-BE8A-EA8F107C2B72}.Debug|Any CPU.Build.0 = Debug|Any CPU
		{C8FA1499-0941-44BA-BE8A-EA8F107C2B72}.Release|Any CPU.ActiveCfg = Release|Any CPU
		{C8FA1499-0941-44BA-BE8A-EA8F107C2B72}.Release|Any CPU.Build.0 = Release|Any CPU
		{A443E1B6-D4C9-4D9C-8C6B-699EF78D2D71}.Debug|Any CPU.ActiveCfg = Debug|Any CPU
		{A443E1B6-D4C9-4D9C-8C6B-699EF78D2D71}.Debug|Any CPU.Build.0 = Debug|Any CPU
		{A443E1B6-D4C9-4D9C-8C6B-699EF78D2D71}.Release|Any CPU.ActiveCfg = Release|Any CPU
		{A443E1B6-D4C9-4D9C-8C6B-699EF78D2D71}.Release|Any CPU.Build.0 = Release|Any CPU
		{326EEDB9-B8D6-4792-8F0F-6F5CAE8D2D09}.Debug|Any CPU.ActiveCfg = Debug|Any CPU
		{326EEDB9-B8D6-4792-8F0F-6F5CAE8D2D09}.Debug|Any CPU.Build.0 = Debug|Any CPU
		{326EEDB9-B8D6-4792-8F0F-6F5CAE8D2D09}.Release|Any CPU.ActiveCfg = Release|Any CPU
		{326EEDB9-B8D6-4792-8F0F-6F5CAE8D2D09}.Release|Any CPU.Build.0 = Release|Any CPU
	EndGlobalSection
	GlobalSection(SolutionProperties) = preSolution
		HideSolutionNode = FALSE
	EndGlobalSection
	GlobalSection(ExtensibilityGlobals) = postSolution
		SolutionGuid = {8CC3904A-16AC-4836-9F30-0C5C63EE8DBF}
	EndGlobalSection
EndGlobal
